{
    "_readme": [
        "This file locks the dependencies of your project to a known state",
        "Read more about it at https://getcomposer.org/doc/01-basic-usage.md#installing-dependencies",
        "This file is @generated automatically"
    ],
    "content-hash": "0a35c74ee1f9a16882905625f53cfa4d",
    "packages": [
        {
            "name": "laminas/laminas-escaper",
            "version": "2.12.0",
            "source": {
                "type": "git",
                "url": "https://github.com/laminas/laminas-escaper.git",
                "reference": "ee7a4c37bf3d0e8c03635d5bddb5bb3184ead490"
            },
            "dist": {
                "type": "zip",
                "url": "https://api.github.com/repos/laminas/laminas-escaper/zipball/ee7a4c37bf3d0e8c03635d5bddb5bb3184ead490",
                "reference": "ee7a4c37bf3d0e8c03635d5bddb5bb3184ead490",
                "shasum": ""
            },
            "require": {
                "ext-ctype": "*",
                "ext-mbstring": "*",
                "php": "^7.4 || ~8.0.0 || ~8.1.0 || ~8.2.0"
            },
            "conflict": {
                "zendframework/zend-escaper": "*"
            },
            "require-dev": {
                "infection/infection": "^0.26.6",
                "laminas/laminas-coding-standard": "~2.4.0",
                "maglnet/composer-require-checker": "^3.8.0",
                "phpunit/phpunit": "^9.5.18",
                "psalm/plugin-phpunit": "^0.17.0",
                "vimeo/psalm": "^4.22.0"
            },
            "type": "library",
            "autoload": {
                "psr-4": {
                    "Laminas\\Escaper\\": "src/"
                }
            },
            "notification-url": "https://packagist.org/downloads/",
            "license": [
                "BSD-3-Clause"
            ],
            "description": "Securely and safely escape HTML, HTML attributes, JavaScript, CSS, and URLs",
            "homepage": "https://laminas.dev",
            "keywords": [
                "escaper",
                "laminas"
            ],
            "support": {
                "chat": "https://laminas.dev/chat",
                "docs": "https://docs.laminas.dev/laminas-escaper/",
                "forum": "https://discourse.laminas.dev",
                "issues": "https://github.com/laminas/laminas-escaper/issues",
                "rss": "https://github.com/laminas/laminas-escaper/releases.atom",
                "source": "https://github.com/laminas/laminas-escaper"
            },
            "funding": [
                {
                    "url": "https://funding.communitybridge.org/projects/laminas-project",
                    "type": "community_bridge"
                }
            ],
            "time": "2022-10-10T10:11:09+00:00"
        },
        {
            "name": "laminas/laminas-eventmanager",
            "version": "3.9.2",
            "source": {
                "type": "git",
                "url": "https://github.com/laminas/laminas-eventmanager.git",
                "reference": "55f7c337f4e49baf6dca87220619d40d9518e6b6"
            },
            "dist": {
                "type": "zip",
                "url": "https://api.github.com/repos/laminas/laminas-eventmanager/zipball/55f7c337f4e49baf6dca87220619d40d9518e6b6",
                "reference": "55f7c337f4e49baf6dca87220619d40d9518e6b6",
                "shasum": ""
            },
            "require": {
                "php": "~8.0.0 || ~8.1.0 || ~8.2.0"
            },
            "conflict": {
                "container-interop/container-interop": "<1.2",
                "zendframework/zend-eventmanager": "*"
            },
            "require-dev": {
                "laminas/laminas-coding-standard": "~2.4.0",
                "laminas/laminas-stdlib": "^3.15",
                "phpbench/phpbench": "^1.2.7",
                "phpunit/phpunit": "^9.5.26",
                "psalm/plugin-phpunit": "^0.18.0",
                "psr/container": "^1.1.2 || ^2.0.2",
                "vimeo/psalm": "^5.0.0"
            },
            "suggest": {
                "laminas/laminas-stdlib": "^2.7.3 || ^3.0, to use the FilterChain feature",
                "psr/container": "^1.1.2 || ^2.0.2, to use the lazy listeners feature"
            },
            "type": "library",
            "autoload": {
                "psr-4": {
                    "Laminas\\EventManager\\": "src/"
                }
            },
            "notification-url": "https://packagist.org/downloads/",
            "license": [
                "BSD-3-Clause"
            ],
            "description": "Trigger and listen to events within a PHP application",
            "homepage": "https://laminas.dev",
            "keywords": [
                "event",
                "eventmanager",
                "events",
                "laminas"
            ],
            "support": {
                "chat": "https://laminas.dev/chat",
                "docs": "https://docs.laminas.dev/laminas-eventmanager/",
                "forum": "https://discourse.laminas.dev",
                "issues": "https://github.com/laminas/laminas-eventmanager/issues",
                "rss": "https://github.com/laminas/laminas-eventmanager/releases.atom",
                "source": "https://github.com/laminas/laminas-eventmanager"
            },
            "funding": [
                {
                    "url": "https://funding.communitybridge.org/projects/laminas-project",
                    "type": "community_bridge"
                }
            ],
            "time": "2022-12-20T19:45:38+00:00"
        },
        {
            "name": "laminas/laminas-json",
            "version": "3.5.0",
            "source": {
                "type": "git",
                "url": "https://github.com/laminas/laminas-json.git",
                "reference": "7a8a1d7bf2d05dd6c1fbd7c0868d3848cf2b57ec"
            },
            "dist": {
                "type": "zip",
                "url": "https://api.github.com/repos/laminas/laminas-json/zipball/7a8a1d7bf2d05dd6c1fbd7c0868d3848cf2b57ec",
                "reference": "7a8a1d7bf2d05dd6c1fbd7c0868d3848cf2b57ec",
                "shasum": ""
            },
            "require": {
                "php": "~8.0.0 || ~8.1.0 || ~8.2.0"
            },
            "conflict": {
                "zendframework/zend-json": "*"
            },
            "require-dev": {
                "laminas/laminas-coding-standard": "~2.4.0",
                "laminas/laminas-stdlib": "^2.7.7 || ^3.1",
                "phpunit/phpunit": "^9.5.25"
            },
            "suggest": {
                "laminas/laminas-json-server": "For implementing JSON-RPC servers",
                "laminas/laminas-xml2json": "For converting XML documents to JSON"
            },
            "type": "library",
            "autoload": {
                "psr-4": {
                    "Laminas\\Json\\": "src/"
                }
            },
            "notification-url": "https://packagist.org/downloads/",
            "license": [
                "BSD-3-Clause"
            ],
            "description": "provides convenience methods for serializing native PHP to JSON and decoding JSON to native PHP",
            "homepage": "https://laminas.dev",
            "keywords": [
                "json",
                "laminas"
            ],
            "support": {
                "chat": "https://laminas.dev/chat",
                "docs": "https://docs.laminas.dev/laminas-json/",
                "forum": "https://discourse.laminas.dev",
                "issues": "https://github.com/laminas/laminas-json/issues",
                "rss": "https://github.com/laminas/laminas-json/releases.atom",
                "source": "https://github.com/laminas/laminas-json"
            },
            "funding": [
                {
                    "url": "https://funding.communitybridge.org/projects/laminas-project",
                    "type": "community_bridge"
                }
            ],
            "time": "2022-10-17T04:06:45+00:00"
        },
        {
            "name": "laminas/laminas-servicemanager",
            "version": "3.20.0",
            "source": {
                "type": "git",
                "url": "https://github.com/laminas/laminas-servicemanager.git",
                "reference": "bc2c2cbe2dd90db8b9d16b0618f542692b76ab59"
            },
            "dist": {
                "type": "zip",
                "url": "https://api.github.com/repos/laminas/laminas-servicemanager/zipball/bc2c2cbe2dd90db8b9d16b0618f542692b76ab59",
                "reference": "bc2c2cbe2dd90db8b9d16b0618f542692b76ab59",
                "shasum": ""
            },
            "require": {
                "laminas/laminas-stdlib": "^3.2.1",
                "php": "~8.0.0 || ~8.1.0 || ~8.2.0",
                "psr/container": "^1.0"
            },
            "conflict": {
                "ext-psr": "*",
                "laminas/laminas-code": "<3.3.1",
                "zendframework/zend-code": "<3.3.1",
                "zendframework/zend-servicemanager": "*"
            },
            "provide": {
                "psr/container-implementation": "^1.0"
            },
            "replace": {
                "container-interop/container-interop": "^1.2.0"
            },
            "require-dev": {
                "composer/package-versions-deprecated": "^1.11.99.5",
                "laminas/laminas-coding-standard": "~2.4.0",
                "laminas/laminas-container-config-test": "^0.8",
                "laminas/laminas-dependency-plugin": "^2.2",
                "mikey179/vfsstream": "^1.6.11@alpha",
                "ocramius/proxy-manager": "^2.14.1",
                "phpbench/phpbench": "^1.2.7",
                "phpunit/phpunit": "^9.5.26",
                "psalm/plugin-phpunit": "^0.18.0",
                "vimeo/psalm": "^5.0.0"
            },
            "suggest": {
                "ocramius/proxy-manager": "ProxyManager ^2.1.1 to handle lazy initialization of services"
            },
            "bin": [
                "bin/generate-deps-for-config-factory",
                "bin/generate-factory-for-class"
            ],
            "type": "library",
            "autoload": {
                "files": [
                    "src/autoload.php"
                ],
                "psr-4": {
                    "Laminas\\ServiceManager\\": "src/"
                }
            },
            "notification-url": "https://packagist.org/downloads/",
            "license": [
                "BSD-3-Clause"
            ],
            "description": "Factory-Driven Dependency Injection Container",
            "homepage": "https://laminas.dev",
            "keywords": [
                "PSR-11",
                "dependency-injection",
                "di",
                "dic",
                "laminas",
                "service-manager",
                "servicemanager"
            ],
            "support": {
                "chat": "https://laminas.dev/chat",
                "docs": "https://docs.laminas.dev/laminas-servicemanager/",
                "forum": "https://discourse.laminas.dev",
                "issues": "https://github.com/laminas/laminas-servicemanager/issues",
                "rss": "https://github.com/laminas/laminas-servicemanager/releases.atom",
                "source": "https://github.com/laminas/laminas-servicemanager"
            },
            "funding": [
                {
                    "url": "https://funding.communitybridge.org/projects/laminas-project",
                    "type": "community_bridge"
                }
            ],
            "time": "2022-12-01T17:03:38+00:00"
        },
        {
            "name": "laminas/laminas-stdlib",
            "version": "3.16.1",
            "source": {
                "type": "git",
                "url": "https://github.com/laminas/laminas-stdlib.git",
                "reference": "f4f773641807c7ccee59b758bfe4ac4ba33ecb17"
            },
            "dist": {
                "type": "zip",
                "url": "https://api.github.com/repos/laminas/laminas-stdlib/zipball/f4f773641807c7ccee59b758bfe4ac4ba33ecb17",
                "reference": "f4f773641807c7ccee59b758bfe4ac4ba33ecb17",
                "shasum": ""
            },
            "require": {
                "php": "~8.0.0 || ~8.1.0 || ~8.2.0"
            },
            "conflict": {
                "zendframework/zend-stdlib": "*"
            },
            "require-dev": {
                "laminas/laminas-coding-standard": "^2.4.0",
                "phpbench/phpbench": "^1.2.7",
                "phpunit/phpunit": "^9.5.26",
                "psalm/plugin-phpunit": "^0.18.0",
                "vimeo/psalm": "^5.0.0"
            },
            "type": "library",
            "autoload": {
                "psr-4": {
                    "Laminas\\Stdlib\\": "src/"
                }
            },
            "notification-url": "https://packagist.org/downloads/",
            "license": [
                "BSD-3-Clause"
            ],
            "description": "SPL extensions, array utilities, error handlers, and more",
            "homepage": "https://laminas.dev",
            "keywords": [
                "laminas",
                "stdlib"
            ],
            "support": {
                "chat": "https://laminas.dev/chat",
                "docs": "https://docs.laminas.dev/laminas-stdlib/",
                "forum": "https://discourse.laminas.dev",
                "issues": "https://github.com/laminas/laminas-stdlib/issues",
                "rss": "https://github.com/laminas/laminas-stdlib/releases.atom",
                "source": "https://github.com/laminas/laminas-stdlib"
            },
            "funding": [
                {
                    "url": "https://funding.communitybridge.org/projects/laminas-project",
                    "type": "community_bridge"
                }
            ],
            "time": "2022-12-03T18:48:01+00:00"
        },
        {
            "name": "laminas/laminas-view",
            "version": "2.25.2",
            "source": {
                "type": "git",
                "url": "https://github.com/laminas/laminas-view.git",
                "reference": "ab40dc844cb5d54739db021a9c819de115a710e9"
            },
            "dist": {
                "type": "zip",
                "url": "https://api.github.com/repos/laminas/laminas-view/zipball/ab40dc844cb5d54739db021a9c819de115a710e9",
                "reference": "ab40dc844cb5d54739db021a9c819de115a710e9",
                "shasum": ""
            },
            "require": {
                "ext-dom": "*",
                "ext-filter": "*",
                "ext-json": "*",
                "laminas/laminas-escaper": "^2.5",
                "laminas/laminas-eventmanager": "^3.4",
                "laminas/laminas-json": "^3.3",
                "laminas/laminas-servicemanager": "^3.14.0",
                "laminas/laminas-stdlib": "^3.10.1",
                "php": "~8.0.0 || ~8.1.0 || ~8.2.0",
                "psr/container": "^1 || ^2"
            },
            "conflict": {
                "container-interop/container-interop": "<1.2",
                "laminas/laminas-router": "<3.0.1",
                "laminas/laminas-session": "<2.12",
                "zendframework/zend-view": "*"
            },
            "require-dev": {
                "laminas/laminas-authentication": "^2.13",
                "laminas/laminas-coding-standard": "~2.4.0",
                "laminas/laminas-console": "^2.8",
                "laminas/laminas-feed": "^2.19",
                "laminas/laminas-filter": "^2.25",
                "laminas/laminas-http": "^2.17",
                "laminas/laminas-i18n": "^2.19",
                "laminas/laminas-modulemanager": "^2.14",
                "laminas/laminas-mvc": "^3.5",
                "laminas/laminas-mvc-i18n": "^1.6",
                "laminas/laminas-mvc-plugin-flashmessenger": "^1.9",
                "laminas/laminas-navigation": "^2.16",
                "laminas/laminas-paginator": "^2.15",
                "laminas/laminas-permissions-acl": "^2.12",
                "laminas/laminas-router": "^3.10",
                "laminas/laminas-uri": "^2.10",
                "phpunit/phpunit": "^9.5.26",
                "psalm/plugin-phpunit": "^0.18.3",
                "vimeo/psalm": "^4.30"
            },
            "suggest": {
                "laminas/laminas-authentication": "Laminas\\Authentication component",
                "laminas/laminas-feed": "Laminas\\Feed component",
                "laminas/laminas-filter": "Laminas\\Filter component",
                "laminas/laminas-http": "Laminas\\Http component",
                "laminas/laminas-i18n": "Laminas\\I18n component",
                "laminas/laminas-mvc": "Laminas\\Mvc component",
                "laminas/laminas-mvc-plugin-flashmessenger": "laminas-mvc-plugin-flashmessenger component, if you want to use the FlashMessenger view helper with laminas-mvc versions 3 and up",
                "laminas/laminas-navigation": "Laminas\\Navigation component",
                "laminas/laminas-paginator": "Laminas\\Paginator component",
                "laminas/laminas-permissions-acl": "Laminas\\Permissions\\Acl component",
                "laminas/laminas-uri": "Laminas\\Uri component"
            },
            "bin": [
                "bin/templatemap_generator.php"
            ],
            "type": "library",
            "autoload": {
                "psr-4": {
                    "Laminas\\View\\": "src/"
                }
            },
            "notification-url": "https://packagist.org/downloads/",
            "license": [
                "BSD-3-Clause"
            ],
            "description": "Flexible view layer supporting and providing multiple view layers, helpers, and more",
            "homepage": "https://laminas.dev",
            "keywords": [
                "laminas",
                "view"
            ],
            "support": {
                "chat": "https://laminas.dev/chat",
                "docs": "https://docs.laminas.dev/laminas-view/",
                "forum": "https://discourse.laminas.dev",
                "issues": "https://github.com/laminas/laminas-view/issues",
                "rss": "https://github.com/laminas/laminas-view/releases.atom",
                "source": "https://github.com/laminas/laminas-view"
            },
            "funding": [
                {
                    "url": "https://funding.communitybridge.org/projects/laminas-project",
                    "type": "community_bridge"
                }
            ],
            "time": "2022-12-21T11:35:32+00:00"
        },
        {
            "name": "laminas/laminas-zendframework-bridge",
            "version": "1.7.0",
            "source": {
                "type": "git",
                "url": "https://github.com/laminas/laminas-zendframework-bridge.git",
                "reference": "5ef52e26392777a26dbb8f20fe24f91b406459f6"
            },
            "dist": {
                "type": "zip",
                "url": "https://api.github.com/repos/laminas/laminas-zendframework-bridge/zipball/5ef52e26392777a26dbb8f20fe24f91b406459f6",
                "reference": "5ef52e26392777a26dbb8f20fe24f91b406459f6",
                "shasum": ""
            },
            "require": {
                "php": "~8.0.0 || ~8.1.0 || ~8.2.0"
            },
            "require-dev": {
                "phpunit/phpunit": "^9.5.26",
                "psalm/plugin-phpunit": "^0.18.0",
                "squizlabs/php_codesniffer": "^3.7.1",
                "vimeo/psalm": "^4.29.0"
            },
            "type": "library",
            "extra": {
                "laminas": {
                    "module": "Laminas\\ZendFrameworkBridge"
                }
            },
            "autoload": {
                "files": [
                    "src/autoload.php"
                ],
                "psr-4": {
                    "Laminas\\ZendFrameworkBridge\\": "src//"
                }
            },
            "notification-url": "https://packagist.org/downloads/",
            "license": [
                "BSD-3-Clause"
            ],
            "description": "Alias legacy ZF class names to Laminas Project equivalents.",
            "keywords": [
                "ZendFramework",
                "autoloading",
                "laminas",
                "zf"
            ],
            "support": {
                "forum": "https://discourse.laminas.dev/",
                "issues": "https://github.com/laminas/laminas-zendframework-bridge/issues",
                "rss": "https://github.com/laminas/laminas-zendframework-bridge/releases.atom",
                "source": "https://github.com/laminas/laminas-zendframework-bridge"
            },
            "funding": [
                {
                    "url": "https://funding.communitybridge.org/projects/laminas-project",
                    "type": "community_bridge"
                }
            ],
            "time": "2022-12-12T11:44:10+00:00"
        },
        {
            "name": "psr/container",
            "version": "1.1.2",
            "source": {
                "type": "git",
                "url": "https://github.com/php-fig/container.git",
                "reference": "513e0666f7216c7459170d56df27dfcefe1689ea"
            },
            "dist": {
                "type": "zip",
                "url": "https://api.github.com/repos/php-fig/container/zipball/513e0666f7216c7459170d56df27dfcefe1689ea",
                "reference": "513e0666f7216c7459170d56df27dfcefe1689ea",
                "shasum": ""
            },
            "require": {
                "php": ">=7.4.0"
            },
            "type": "library",
            "autoload": {
                "psr-4": {
                    "Psr\\Container\\": "src/"
                }
            },
            "notification-url": "https://packagist.org/downloads/",
            "license": [
                "MIT"
            ],
            "authors": [
                {
                    "name": "PHP-FIG",
                    "homepage": "https://www.php-fig.org/"
                }
            ],
            "description": "Common Container Interface (PHP FIG PSR-11)",
            "homepage": "https://github.com/php-fig/container",
            "keywords": [
                "PSR-11",
                "container",
                "container-interface",
                "container-interop",
                "psr"
            ],
            "support": {
                "issues": "https://github.com/php-fig/container/issues",
                "source": "https://github.com/php-fig/container/tree/1.1.2"
            },
            "time": "2021-11-05T16:50:12+00:00"
        }
    ],
    "packages-dev": [],
    "aliases": [],
    "minimum-stability": "stable",
    "stability-flags": [],
    "prefer-stable": false,
    "prefer-lowest": false,
    "platform": {
        "php": "~8.0.0 || ~8.1.0 || ~8.2.0"
    },
    "platform-dev": [],
    "platform-overrides": {
        "php": "8.0.99"
    },
    "plugin-api-version": "2.3.0"
}
